// !$*UTF8*$!
{
	archiveVersion = 1;
	classes = {
	};
	objectVersion = 56;
	objects = {

/* Begin PBXBuildFile section */
		415990762E431F1100F3FC51 /* Auth in Frameworks */ = {isa = PBXBuildFile; productRef = 415990752E431F1100F3FC51 /* Auth */; };
		415990782E431F1100F3FC51 /* PostgREST in Frameworks */ = {isa = PBXBuildFile; productRef = 415990772E431F1100F3FC51 /* PostgREST */; };
		4159907A2E431F1100F3FC51 /* Realtime in Frameworks */ = {isa = PBXBuildFile; productRef = 415990792E431F1100F3FC51 /* Realtime */; };
		4159907C2E431F1100F3FC51 /* Storage in Frameworks */ = {isa = PBXBuildFile; productRef = 4159907B2E431F1100F3FC51 /* Storage */; };
		4159907E2E431F1100F3FC51 /* Supabase in Frameworks */ = {isa = PBXBuildFile; productRef = 4159907D2E431F1100F3FC51 /* Supabase */; };
		415990812E431F2E00F3FC51 /* Kingfisher in Frameworks */ = {isa = PBXBuildFile; productRef = 415990802E431F2E00F3FC51 /* Kingfisher */; };
		418A782B2E6464750083E133 /* TaskManagementView.swift in Sources */ = {isa = PBXBuildFile; fileRef = 418A782A2E6464750083E133 /* TaskManagementView.swift */; };
		418A782D2E64649C0083E133 /* Task.swift in Sources */ = {isa = PBXBuildFile; fileRef = 418A782C2E64649C0083E133 /* Task.swift */; };
		418A782F2E6464B20083E133 /* TaskService.swift in Sources */ = {isa = PBXBuildFile; fileRef = 418A782E2E6464B20083E133 /* TaskService.swift */; };
		418A78312E6464BF0083E133 /* TaskManagementViewModel.swift in Sources */ = {isa = PBXBuildFile; fileRef = 418A78302E6464BF0083E133 /* TaskManagementViewModel.swift */; };
		418A78342E6464D40083E133 /* TaskRowView.swift in Sources */ = {isa = PBXBuildFile; fileRef = 418A78332E6464D40083E133 /* TaskRowView.swift */; };
		418A78352E6464D40083E133 /* TaskDetailView.swift in Sources */ = {isa = PBXBuildFile; fileRef = 418A78322E6464D40083E133 /* TaskDetailView.swift */; };
		418A78372E6464E10083E133 /* AddTaskView.swift in Sources */ = {isa = PBXBuildFile; fileRef = 418A78362E6464E10083E133 /* AddTaskView.swift */; };
		418A783B2E6472F90083E133 /* Comment.swift in Sources */ = {isa = PBXBuildFile; fileRef = 418A78382E6472F90083E133 /* Comment.swift */; };
		418A783C2E6472F90083E133 /* DirectMessage.swift in Sources */ = {isa = PBXBuildFile; fileRef = 418A78392E6472F90083E133 /* DirectMessage.swift */; };
		418A783D2E6472F90083E133 /* Repost.swift in Sources */ = {isa = PBXBuildFile; fileRef = 418A783A2E6472F90083E133 /* Repost.swift */; };
		418A78412E6473180083E133 /* DirectMessageService.swift in Sources */ = {isa = PBXBuildFile; fileRef = 418A783F2E6473180083E133 /* DirectMessageService.swift */; };
		418A78422E6473180083E133 /* RepostService.swift in Sources */ = {isa = PBXBuildFile; fileRef = 418A78402E6473180083E133 /* RepostService.swift */; };
		418A78432E6473180083E133 /* CommentService.swift in Sources */ = {isa = PBXBuildFile; fileRef = 418A783E2E6473180083E133 /* CommentService.swift */; };
		418A78462E64732B0083E133 /* CommentView.swift in Sources */ = {isa = PBXBuildFile; fileRef = 418A78442E64732B0083E133 /* CommentView.swift */; };
		418A78472E64732B0083E133 /* ShareSheet.swift in Sources */ = {isa = PBXBuildFile; fileRef = 418A78452E64732B0083E133 /* ShareSheet.swift */; };
		41C11FF92E47824D003C0374 /* DocumentUploader.swift in Sources */ = {isa = PBXBuildFile; fileRef = 41C11FF82E47824D003C0374 /* DocumentUploader.swift */; };
		41C11FFB2E4783B9003C0374 /* Channel.swift in Sources */ = {isa = PBXBuildFile; fileRef = 41C11FFA2E4783B9003C0374 /* Channel.swift */; };
		41C11FFD2E478404003C0374 /* ChannelService.swift in Sources */ = {isa = PBXBuildFile; fileRef = 41C11FFC2E478404003C0374 /* ChannelService.swift */; };
		41C1200A2E478584003C0374 /* DocumentPicker.swift in Sources */ = {isa = PBXBuildFile; fileRef = 41C120092E478584003C0374 /* DocumentPicker.swift */; };
		EAFA39512AA4184C008611E9 /* KollaborateApp.swift in Sources */ = {isa = PBXBuildFile; fileRef = EAFA39502AA4184C008611E9 /* KollaborateApp.swift */; };
		EAFA39532AA4184C008611E9 /* ContentView.swift in Sources */ = {isa = PBXBuildFile; fileRef = EAFA39522AA4184C008611E9 /* ContentView.swift */; };
		EAFA39552AA4184D008611E9 /* Assets.xcassets in Resources */ = {isa = PBXBuildFile; fileRef = EAFA39542AA4184D008611E9 /* Assets.xcassets */; };
		EAFA39582AA4184D008611E9 /* Preview Assets.xcassets in Resources */ = {isa = PBXBuildFile; fileRef = EAFA39572AA4184D008611E9 /* Preview Assets.xcassets */; };
		EAFA39692AA419DF008611E9 /* LoginView.swift in Sources */ = {isa = PBXBuildFile; fileRef = EAFA39682AA419DF008611E9 /* LoginView.swift */; };
		EAFA396B2AA42E27008611E9 /* RegistrationView.swift in Sources */ = {isa = PBXBuildFile; fileRef = EAFA396A2AA42E27008611E9 /* RegistrationView.swift */; };
		EAFA396E2AA42FE4008611E9 /* KollaborateTextFieldModifier.swift in Sources */ = {isa = PBXBuildFile; fileRef = EAFA396D2AA42FE4008611E9 /* KollaborateTextFieldModifier.swift */; };
		EAFA39712AA443D0008611E9 /* KollaborateTabView.swift in Sources */ = {isa = PBXBuildFile; fileRef = EAFA39702AA443D0008611E9 /* KollaborateTabView.swift */; };
		EAFA39762AA44654008611E9 /* FeedView.swift in Sources */ = {isa = PBXBuildFile; fileRef = EAFA39752AA44654008611E9 /* FeedView.swift */; };
		EAFA397A2AA446D4008611E9 /* ExploreView.swift in Sources */ = {isa = PBXBuildFile; fileRef = EAFA39792AA446D4008611E9 /* ExploreView.swift */; };
		EAFA397E2AA44754008611E9 /* CreateThreadView.swift in Sources */ = {isa = PBXBuildFile; fileRef = EAFA397D2AA44754008611E9 /* CreateThreadView.swift */; };
		EAFA39822AA447AD008611E9 /* ActivityView.swift in Sources */ = {isa = PBXBuildFile; fileRef = EAFA39812AA447AD008611E9 /* ActivityView.swift */; };
		EAFA39862AA447DC008611E9 /* ProfileView.swift in Sources */ = {isa = PBXBuildFile; fileRef = EAFA39852AA447DC008611E9 /* ProfileView.swift */; };
		EAFA39882AA4F077008611E9 /* KollaborateCell.swift in Sources */ = {isa = PBXBuildFile; fileRef = EAFA39872AA4F077008611E9 /* KollaborateCell.swift */; };
		EAFA398B2AA4FF9F008611E9 /* CircularProfileImageView.swift in Sources */ = {isa = PBXBuildFile; fileRef = EAFA398A2AA4FF9F008611E9 /* CircularProfileImageView.swift */; };
		EAFA398D2AA5003B008611E9 /* UserCell.swift in Sources */ = {isa = PBXBuildFile; fileRef = EAFA398C2AA5003B008611E9 /* UserCell.swift */; };
		EAFA39902AA5051C008611E9 /* ProfileKollaborateFilter.swift in Sources */ = {isa = PBXBuildFile; fileRef = EAFA398F2AA5051C008611E9 /* ProfileKollaborateFilter.swift */; };
		EAFA39942AA51C01008611E9 /* EditProfileView.swift in Sources */ = {isa = PBXBuildFile; fileRef = EAFA39932AA51C01008611E9 /* EditProfileView.swift */; };
		EAFA39A32AA53946008611E9 /* RegistrationViewModel.swift in Sources */ = {isa = PBXBuildFile; fileRef = EAFA39A22AA53946008611E9 /* RegistrationViewModel.swift */; };
		EAFA39A52AA53B1D008611E9 /* AuthService.swift in Sources */ = {isa = PBXBuildFile; fileRef = EAFA39A42AA53B1D008611E9 /* AuthService.swift */; };
		EAFA39A92AA5493E008611E9 /* ContentViewModel.swift in Sources */ = {isa = PBXBuildFile; fileRef = EAFA39A82AA5493E008611E9 /* ContentViewModel.swift */; };
		EAFA39AB2AA54D7D008611E9 /* LoginViewModel.swift in Sources */ = {isa = PBXBuildFile; fileRef = EAFA39AA2AA54D7D008611E9 /* LoginViewModel.swift */; };
		EAFA39AD2AA55749008611E9 /* User.swift in Sources */ = {isa = PBXBuildFile; fileRef = EAFA39AC2AA55749008611E9 /* User.swift */; };
		EAFA39AF2AA55A0D008611E9 /* UserService.swift in Sources */ = {isa = PBXBuildFile; fileRef = EAFA39AE2AA55A0D008611E9 /* UserService.swift */; };
		EAFA39B22AA55C99008611E9 /* CurrentUserProfileViewModel.swift in Sources */ = {isa = PBXBuildFile; fileRef = EAFA39B12AA55C99008611E9 /* CurrentUserProfileViewModel.swift */; };
		EAFA39B52AA56485008611E9 /* ExploreViewModel.swift in Sources */ = {isa = PBXBuildFile; fileRef = EAFA39B42AA56485008611E9 /* ExploreViewModel.swift */; };
		EAFA39B72AA56E84008611E9 /* PreviewProvider.swift in Sources */ = {isa = PBXBuildFile; fileRef = EAFA39B62AA56E84008611E9 /* PreviewProvider.swift */; };
		EAFA39BB2AA7F1A1008611E9 /* CurrentUserProfileView.swift in Sources */ = {isa = PBXBuildFile; fileRef = EAFA39BA2AA7F1A1008611E9 /* CurrentUserProfileView.swift */; };
		EAFA39BF2AA7F561008611E9 /* ProfileHeaderView.swift in Sources */ = {isa = PBXBuildFile; fileRef = EAFA39BE2AA7F561008611E9 /* ProfileHeaderView.swift */; };
		EAFA39C12AA7F70F008611E9 /* UserContentListView.swift in Sources */ = {isa = PBXBuildFile; fileRef = EAFA39C02AA7F70F008611E9 /* UserContentListView.swift */; };
		EAFA39C42AA802FF008611E9 /* EditProfileViewModel.swift in Sources */ = {isa = PBXBuildFile; fileRef = EAFA39C32AA802FF008611E9 /* EditProfileViewModel.swift */; };
		EAFA39C62AA8051D008611E9 /* ImageUploader.swift in Sources */ = {isa = PBXBuildFile; fileRef = EAFA39C52AA8051D008611E9 /* ImageUploader.swift */; };
		EAFA39CB2AA81591008611E9 /* Kollaborate.swift in Sources */ = {isa = PBXBuildFile; fileRef = EAFA39CA2AA81591008611E9 /* Kollaborate.swift */; };
		EAFA39CE2AA816A6008611E9 /* CreateThreadViewModel.swift in Sources */ = {isa = PBXBuildFile; fileRef = EAFA39CD2AA816A6008611E9 /* CreateThreadViewModel.swift */; };
		EAFA39D32AA81D0F008611E9 /* FeedViewModel.swift in Sources */ = {isa = PBXBuildFile; fileRef = EAFA39D22AA81D0F008611E9 /* FeedViewModel.swift */; };
		EAFA39D82AA82834008611E9 /* UserContentListViewModel.swift in Sources */ = {isa = PBXBuildFile; fileRef = EAFA39D72AA82834008611E9 /* UserContentListViewModel.swift */; };
		EAFA39DC2AA82A8B008611E9 /* Supabase.swift in Sources */ = {isa = PBXBuildFile; fileRef = EAFA39DB2AA82A8B008611E9 /* Supabase.swift */; };
		EAFA39DE2AA82A8B008611F0 /* Date.swift in Sources */ = {isa = PBXBuildFile; fileRef = EAFA39DD2AA82A8B008611F0 /* Date.swift */; };
		EAFAB8A02AA816A6008611E9 /* KollaborateService.swift in Sources */ = {isa = PBXBuildFile; fileRef = EAFAB89F2AA816A6008611E9 /* KollaborateService.swift */; };
/* End PBXBuildFile section */

/* Begin PBXFileReference section */
		418A782A2E6464750083E133 /* TaskManagementView.swift */ = {isa = PBXFileReference; lastKnownFileType = sourcecode.swift; path = TaskManagementView.swift; sourceTree = "<group>"; };
		418A782C2E64649C0083E133 /* Task.swift */ = {isa = PBXFileReference; lastKnownFileType = sourcecode.swift; path = Task.swift; sourceTree = "<group>"; };
		418A782E2E6464B20083E133 /* TaskService.swift */ = {isa = PBXFileReference; lastKnownFileType = sourcecode.swift; path = TaskService.swift; sourceTree = "<group>"; };
		418A78302E6464BF0083E133 /* TaskManagementViewModel.swift */ = {isa = PBXFileReference; lastKnownFileType = sourcecode.swift; path = TaskManagementViewModel.swift; sourceTree = "<group>"; };
		418A78322E6464D40083E133 /* TaskDetailView.swift */ = {isa = PBXFileReference; lastKnownFileType = sourcecode.swift; path = TaskDetailView.swift; sourceTree = "<group>"; };
		418A78332E6464D40083E133 /* TaskRowView.swift */ = {isa = PBXFileReference; lastKnownFileType = sourcecode.swift; path = TaskRowView.swift; sourceTree = "<group>"; };
		418A78362E6464E10083E133 /* AddTaskView.swift */ = {isa = PBXFileReference; lastKnownFileType = sourcecode.swift; path = AddTaskView.swift; sourceTree = "<group>"; };
		418A78382E6472F90083E133 /* Comment.swift */ = {isa = PBXFileReference; lastKnownFileType = sourcecode.swift; path = Comment.swift; sourceTree = "<group>"; };
		418A78392E6472F90083E133 /* DirectMessage.swift */ = {isa = PBXFileReference; lastKnownFileType = sourcecode.swift; path = DirectMessage.swift; sourceTree = "<group>"; };
		418A783A2E6472F90083E133 /* Repost.swift */ = {isa = PBXFileReference; lastKnownFileType = sourcecode.swift; path = Repost.swift; sourceTree = "<group>"; };
		418A783E2E6473180083E133 /* CommentService.swift */ = {isa = PBXFileReference; lastKnownFileType = sourcecode.swift; path = CommentService.swift; sourceTree = "<group>"; };
		418A783F2E6473180083E133 /* DirectMessageService.swift */ = {isa = PBXFileReference; lastKnownFileType = sourcecode.swift; path = DirectMessageService.swift; sourceTree = "<group>"; };
		418A78402E6473180083E133 /* RepostService.swift */ = {isa = PBXFileReference; lastKnownFileType = sourcecode.swift; path = RepostService.swift; sourceTree = "<group>"; };
		418A78442E64732B0083E133 /* CommentView.swift */ = {isa = PBXFileReference; lastKnownFileType = sourcecode.swift; path = CommentView.swift; sourceTree = "<group>"; };
		418A78452E64732B0083E133 /* ShareSheet.swift */ = {isa = PBXFileReference; lastKnownFileType = sourcecode.swift; path = ShareSheet.swift; sourceTree = "<group>"; };
		41C11FF82E47824D003C0374 /* DocumentUploader.swift */ = {isa = PBXFileReference; lastKnownFileType = sourcecode.swift; path = DocumentUploader.swift; sourceTree = "<group>"; };
		41C11FFA2E4783B9003C0374 /* Channel.swift */ = {isa = PBXFileReference; lastKnownFileType = sourcecode.swift; path = Channel.swift; sourceTree = "<group>"; };
		41C11FFC2E478404003C0374 /* ChannelService.swift */ = {isa = PBXFileReference; lastKnownFileType = sourcecode.swift; path = ChannelService.swift; sourceTree = "<group>"; };
		41C120092E478584003C0374 /* DocumentPicker.swift */ = {isa = PBXFileReference; lastKnownFileType = sourcecode.swift; path = DocumentPicker.swift; sourceTree = "<group>"; };
		EAFA394D2AA4184C008611E9 /* Kollaborate.app */ = {isa = PBXFileReference; explicitFileType = wrapper.application; includeInIndex = 0; path = Kollaborate.app; sourceTree = BUILT_PRODUCTS_DIR; };
		EAFA39502AA4184C008611E9 /* KollaborateApp.swift */ = {isa = PBXFileReference; lastKnownFileType = sourcecode.swift; path = KollaborateApp.swift; sourceTree = "<group>"; };
		EAFA39522AA4184C008611E9 /* ContentView.swift */ = {isa = PBXFileReference; lastKnownFileType = sourcecode.swift; path = ContentView.swift; sourceTree = "<group>"; };
		EAFA39542AA4184D008611E9 /* Assets.xcassets */ = {isa = PBXFileReference; lastKnownFileType = folder.assetcatalog; path = Assets.xcassets; sourceTree = "<group>"; };
		EAFA39572AA4184D008611E9 /* Preview Assets.xcassets */ = {isa = PBXFileReference; lastKnownFileType = folder.assetcatalog; path = "Preview Assets.xcassets"; sourceTree = "<group>"; };
		EAFA39682AA419DF008611E9 /* LoginView.swift */ = {isa = PBXFileReference; lastKnownFileType = sourcecode.swift; path = LoginView.swift; sourceTree = "<group>"; };
		EAFA396A2AA42E27008611E9 /* RegistrationView.swift */ = {isa = PBXFileReference; lastKnownFileType = sourcecode.swift; path = RegistrationView.swift; sourceTree = "<group>"; };
		EAFA396D2AA42FE4008611E9 /* KollaborateTextFieldModifier.swift */ = {isa = PBXFileReference; lastKnownFileType = sourcecode.swift; path = KollaborateTextFieldModifier.swift; sourceTree = "<group>"; };
		EAFA39702AA443D0008611E9 /* KollaborateTabView.swift */ = {isa = PBXFileReference; lastKnownFileType = sourcecode.swift; path = KollaborateTabView.swift; sourceTree = "<group>"; };
		EAFA39752AA44654008611E9 /* FeedView.swift */ = {isa = PBXFileReference; lastKnownFileType = sourcecode.swift; path = FeedView.swift; sourceTree = "<group>"; };
		EAFA39792AA446D4008611E9 /* ExploreView.swift */ = {isa = PBXFileReference; lastKnownFileType = sourcecode.swift; path = ExploreView.swift; sourceTree = "<group>"; };
		EAFA397D2AA44754008611E9 /* CreateThreadView.swift */ = {isa = PBXFileReference; lastKnownFileType = sourcecode.swift; path = CreateThreadView.swift; sourceTree = "<group>"; };
		EAFA39812AA447AD008611E9 /* ActivityView.swift */ = {isa = PBXFileReference; lastKnownFileType = sourcecode.swift; path = ActivityView.swift; sourceTree = "<group>"; };
		EAFA39852AA447DC008611E9 /* ProfileView.swift */ = {isa = PBXFileReference; lastKnownFileType = sourcecode.swift; path = ProfileView.swift; sourceTree = "<group>"; };
		EAFA39872AA4F077008611E9 /* KollaborateCell.swift */ = {isa = PBXFileReference; lastKnownFileType = sourcecode.swift; path = KollaborateCell.swift; sourceTree = "<group>"; };
		EAFA398A2AA4FF9F008611E9 /* CircularProfileImageView.swift */ = {isa = PBXFileReference; lastKnownFileType = sourcecode.swift; path = CircularProfileImageView.swift; sourceTree = "<group>"; };
		EAFA398C2AA5003B008611E9 /* UserCell.swift */ = {isa = PBXFileReference; lastKnownFileType = sourcecode.swift; path = UserCell.swift; sourceTree = "<group>"; };
		EAFA398F2AA5051C008611E9 /* ProfileKollaborateFilter.swift */ = {isa = PBXFileReference; lastKnownFileType = sourcecode.swift; path = ProfileKollaborateFilter.swift; sourceTree = "<group>"; };
		EAFA39932AA51C01008611E9 /* EditProfileView.swift */ = {isa = PBXFileReference; lastKnownFileType = sourcecode.swift; path = EditProfileView.swift; sourceTree = "<group>"; };
		EAFA39A22AA53946008611E9 /* RegistrationViewModel.swift */ = {isa = PBXFileReference; lastKnownFileType = sourcecode.swift; path = RegistrationViewModel.swift; sourceTree = "<group>"; };
		EAFA39A42AA53B1D008611E9 /* AuthService.swift */ = {isa = PBXFileReference; lastKnownFileType = sourcecode.swift; path = AuthService.swift; sourceTree = "<group>"; };
		EAFA39A82AA5493E008611E9 /* ContentViewModel.swift */ = {isa = PBXFileReference; lastKnownFileType = sourcecode.swift; path = ContentViewModel.swift; sourceTree = "<group>"; };
		EAFA39AA2AA54D7D008611E9 /* LoginViewModel.swift */ = {isa = PBXFileReference; lastKnownFileType = sourcecode.swift; path = LoginViewModel.swift; sourceTree = "<group>"; };
		EAFA39AC2AA55749008611E9 /* User.swift */ = {isa = PBXFileReference; lastKnownFileType = sourcecode.swift; path = User.swift; sourceTree = "<group>"; };
		EAFA39AE2AA55A0D008611E9 /* UserService.swift */ = {isa = PBXFileReference; lastKnownFileType = sourcecode.swift; path = UserService.swift; sourceTree = "<group>"; };
		EAFA39B12AA55C99008611E9 /* CurrentUserProfileViewModel.swift */ = {isa = PBXFileReference; lastKnownFileType = sourcecode.swift; path = CurrentUserProfileViewModel.swift; sourceTree = "<group>"; };
		EAFA39B42AA56485008611E9 /* ExploreViewModel.swift */ = {isa = PBXFileReference; lastKnownFileType = sourcecode.swift; path = ExploreViewModel.swift; sourceTree = "<group>"; };
		EAFA39B62AA56E84008611E9 /* PreviewProvider.swift */ = {isa = PBXFileReference; lastKnownFileType = sourcecode.swift; path = PreviewProvider.swift; sourceTree = "<group>"; };
		EAFA39BA2AA7F1A1008611E9 /* CurrentUserProfileView.swift */ = {isa = PBXFileReference; lastKnownFileType = sourcecode.swift; path = CurrentUserProfileView.swift; sourceTree = "<group>"; };
		EAFA39BE2AA7F561008611E9 /* ProfileHeaderView.swift */ = {isa = PBXFileReference; lastKnownFileType = sourcecode.swift; path = ProfileHeaderView.swift; sourceTree = "<group>"; };
		EAFA39C02AA7F70F008611E9 /* UserContentListView.swift */ = {isa = PBXFileReference; lastKnownFileType = sourcecode.swift; path = UserContentListView.swift; sourceTree = "<group>"; };
		EAFA39C32AA802FF008611E9 /* EditProfileViewModel.swift */ = {isa = PBXFileReference; lastKnownFileType = sourcecode.swift; path = EditProfileViewModel.swift; sourceTree = "<group>"; };
		EAFA39C52AA8051D008611E9 /* ImageUploader.swift */ = {isa = PBXFileReference; lastKnownFileType = sourcecode.swift; path = ImageUploader.swift; sourceTree = "<group>"; };
		EAFA39CA2AA81591008611E9 /* Kollaborate.swift */ = {isa = PBXFileReference; lastKnownFileType = sourcecode.swift; path = Kollaborate.swift; sourceTree = "<group>"; };
		EAFA39CD2AA816A6008611E9 /* CreateThreadViewModel.swift */ = {isa = PBXFileReference; lastKnownFileType = sourcecode.swift; path = CreateThreadViewModel.swift; sourceTree = "<group>"; };
		EAFA39D22AA81D0F008611E9 /* FeedViewModel.swift */ = {isa = PBXFileReference; lastKnownFileType = sourcecode.swift; path = FeedViewModel.swift; sourceTree = "<group>"; };
		EAFA39D72AA82834008611E9 /* UserContentListViewModel.swift */ = {isa = PBXFileReference; lastKnownFileType = sourcecode.swift; path = UserContentListViewModel.swift; sourceTree = "<group>"; };
		EAFA39DB2AA82A8B008611E9 /* Supabase.swift */ = {isa = PBXFileReference; lastKnownFileType = sourcecode.swift; path = Supabase.swift; sourceTree = "<group>"; };
		EAFA39DD2AA82A8B008611F0 /* Date.swift */ = {isa = PBXFileReference; lastKnownFileType = sourcecode.swift; path = Date.swift; sourceTree = "<group>"; };
		EAFAB89F2AA816A6008611E9 /* KollaborateService.swift */ = {isa = PBXFileReference; lastKnownFileType = sourcecode.swift; path = KollaborateService.swift; sourceTree = "<group>"; };
/* End PBXFileReference section */

/* Begin PBXFrameworksBuildPhase section */
		EAFA394A2AA4184C008611E9 /* Frameworks */ = {
			isa = PBXFrameworksBuildPhase;
			buildActionMask = 2147483647;
			files = (
				415990812E431F2E00F3FC51 /* Kingfisher in Frameworks */,
				4159907E2E431F1100F3FC51 /* Supabase in Frameworks */,
				4159907C2E431F1100F3FC51 /* Storage in Frameworks */,
				4159907A2E431F1100F3FC51 /* Realtime in Frameworks */,
				415990782E431F1100F3FC51 /* PostgREST in Frameworks */,
				415990762E431F1100F3FC51 /* Auth in Frameworks */,
			);
			runOnlyForDeploymentPostprocessing = 0;
		};
/* End PBXFrameworksBuildPhase section */

/* Begin PBXGroup section */
		EAFA39442AA4184C008611E9 = {
			isa = PBXGroup;
			children = (
				EAFA394F2AA4184C008611E9 /* Kollaborate */,
				EAFA394E2AA4184C008611E9 /* Products */,
			);
			sourceTree = "<group>";
		};
		EAFA394E2AA4184C008611E9 /* Products */ = {
			isa = PBXGroup;
			children = (
				EAFA394D2AA4184C008611E9 /* Kollaborate.app */,
			);
			name = Products;
			sourceTree = "<group>";
		};
		EAFA394F2AA4184C008611E9 /* Kollaborate */ = {
			isa = PBXGroup;
			children = (
				EAFA39642AA418DC008611E9 /* App */,
				EAFA39632AA418DA008611E9 /* Core */,
				EAFA39622AA418D9008611E9 /* Extensions */,
				EAFA39602AA418CE008611E9 /* Model */,
				EAFA395F2AA418C4008611E9 /* Services */,
				EAFA395E2AA418BB008611E9 /* Utils */,
				EAFA39542AA4184D008611E9 /* Assets.xcassets */,
				EAFA39562AA4184D008611E9 /* Preview Content */,
			);
			name = Kollaborate;
			sourceTree = "<group>";
		};
		EAFA39562AA4184D008611E9 /* Preview Content */ = {
			isa = PBXGroup;
			children = (
				EAFA39572AA4184D008611E9 /* Preview Assets.xcassets */,
			);
			path = "Preview Content";
			sourceTree = "<group>";
		};
		EAFA395E2AA418BB008611E9 /* Utils */ = {
			isa = PBXGroup;
			children = (
				EAFA396C2AA42FB0008611E9 /* ViewModifiers */,
			);
			path = Utils;
			sourceTree = "<group>";
		};
		EAFA395F2AA418C4008611E9 /* Services */ = {
			isa = PBXGroup;
			children = (
				418A783E2E6473180083E133 /* CommentService.swift */,
				418A783F2E6473180083E133 /* DirectMessageService.swift */,
				418A78402E6473180083E133 /* RepostService.swift */,
				418A782E2E6464B20083E133 /* TaskService.swift */,
				EAFAB89F2AA816A6008611E9 /* KollaborateService.swift */,
				EAFA39DB2AA82A8B008611E9 /* Supabase.swift */,
				EAFA39AE2AA55A0D008611E9 /* UserService.swift */,
				EAFA39C52AA8051D008611E9 /* ImageUploader.swift */,
				41C11FF82E47824D003C0374 /* DocumentUploader.swift */,
				41C11FFC2E478404003C0374 /* ChannelService.swift */,
			);
			path = Services;
			sourceTree = "<group>";
		};
		EAFA39602AA418CE008611E9 /* Model */ = {
			isa = PBXGroup;
			children = (
				418A78382E6472F90083E133 /* Comment.swift */,
				418A78392E6472F90083E133 /* DirectMessage.swift */,
				418A783A2E6472F90083E133 /* Repost.swift */,
				418A782C2E64649C0083E133 /* Task.swift */,
				EAFA39AC2AA55749008611E9 /* User.swift */,
				EAFA39CA2AA81591008611E9 /* Kollaborate.swift */,
				41C11FFA2E4783B9003C0374 /* Channel.swift */,
			);
			path = Model;
			sourceTree = "<group>";
		};
		EAFA39622AA418D9008611E9 /* Extensions */ = {
			isa = PBXGroup;
			children = (
				EAFA39DD2AA82A8B008611F0 /* Date.swift */,
				EAFA39B62AA56E84008611E9 /* PreviewProvider.swift */,
			);
			path = Extensions;
			sourceTree = "<group>";
		};
		EAFA39632AA418DA008611E9 /* Core */ = {
			isa = PBXGroup;
			children = (
				EAFA397F2AA44793008611E9 /* Activity */,
				EAFA39652AA41977008611E9 /* Authentication */,
				EAFA39892AA4FF71008611E9 /* Components */,
				EAFA39772AA446A3008611E9 /* Explore */,
				EAFA39732AA44633008611E9 /* Feed */,
				EAFA39832AA447BF008611E9 /* Profile */,
				EAFA39662AA4198E008611E9 /* Root */,
				EAFA396F2AA43242008611E9 /* TabBar */,
				EAFA397B2AA44703008611E9 /* ThreadCreation */,
			);
			path = Core;
			sourceTree = "<group>";
		};
		EAFA39642AA418DC008611E9 /* App */ = {
			isa = PBXGroup;
			children = (
				EAFA39502AA4184C008611E9 /* KollaborateApp.swift */,
			);
			path = App;
			sourceTree = "<group>";
		};
		EAFA39652AA41977008611E9 /* Authentication */ = {
			isa = PBXGroup;
			children = (
				EAFA39A12AA5390D008611E9 /* Service */,
				EAFA39672AA419B0008611E9 /* Views */,
				EAFA39A02AA538FB008611E9 /* ViewModel */,
			);
			path = Authentication;
			sourceTree = "<group>";
		};
		EAFA39662AA4198E008611E9 /* Root */ = {
			isa = PBXGroup;
			children = (
				EAFA39A62AA54909008611E9 /* View */,
				EAFA39A72AA54918008611E9 /* ViewModel */,
			);
			path = Root;
			sourceTree = "<group>";
		};
		EAFA39672AA419B0008611E9 /* Views */ = {
			isa = PBXGroup;
			children = (
				EAFA39682AA419DF008611E9 /* LoginView.swift */,
				EAFA396A2AA42E27008611E9 /* RegistrationView.swift */,
			);
			path = Views;
			sourceTree = "<group>";
		};
		EAFA396C2AA42FB0008611E9 /* ViewModifiers */ = {
			isa = PBXGroup;
			children = (
				EAFA396D2AA42FE4008611E9 /* KollaborateTextFieldModifier.swift */,
			);
			path = ViewModifiers;
			sourceTree = "<group>";
		};
		EAFA396F2AA43242008611E9 /* TabBar */ = {
			isa = PBXGroup;
			children = (
				EAFA39702AA443D0008611E9 /* KollaborateTabView.swift */,
			);
			path = TabBar;
			sourceTree = "<group>";
		};
		EAFA39732AA44633008611E9 /* Feed */ = {
			isa = PBXGroup;
			children = (
				EAFA39742AA44641008611E9 /* View */,
				EAFA39D12AA81D01008611E9 /* ViewModel */,
			);
			path = Feed;
			sourceTree = "<group>";
		};
		EAFA39742AA44641008611E9 /* View */ = {
			isa = PBXGroup;
			children = (
				418A782A2E6464750083E133 /* TaskManagementView.swift */,
				EAFA39752AA44654008611E9 /* FeedView.swift */,
			);
			path = View;
			sourceTree = "<group>";
		};
		EAFA39772AA446A3008611E9 /* Explore */ = {
			isa = PBXGroup;
			children = (
				EAFA39782AA446BF008611E9 /* View */,
				EAFA39B32AA5642E008611E9 /* ViewModel */,
			);
			path = Explore;
			sourceTree = "<group>";
		};
		EAFA39782AA446BF008611E9 /* View */ = {
			isa = PBXGroup;
			children = (
				EAFA39792AA446D4008611E9 /* ExploreView.swift */,
			);
			path = View;
			sourceTree = "<group>";
		};
		EAFA397B2AA44703008611E9 /* ThreadCreation */ = {
			isa = PBXGroup;
			children = (
				EAFA397C2AA4472F008611E9 /* View */,
				EAFA39CC2AA81685008611E9 /* ViewModel */,
			);
			path = ThreadCreation;
			sourceTree = "<group>";
		};
		EAFA397C2AA4472F008611E9 /* View */ = {
			isa = PBXGroup;
			children = (
				418A78362E6464E10083E133 /* AddTaskView.swift */,
				EAFA397D2AA44754008611E9 /* CreateThreadView.swift */,
			);
			path = View;
			sourceTree = "<group>";
		};
		EAFA397F2AA44793008611E9 /* Activity */ = {
			isa = PBXGroup;
			children = (
				EAFA39802AA4479E008611E9 /* View */,
			);
			path = Activity;
			sourceTree = "<group>";
		};
		EAFA39802AA4479E008611E9 /* View */ = {
			isa = PBXGroup;
			children = (
				EAFA39812AA447AD008611E9 /* ActivityView.swift */,
			);
			path = View;
			sourceTree = "<group>";
		};
		EAFA39832AA447BF008611E9 /* Profile */ = {
			isa = PBXGroup;
			children = (
				EAFA39BD2AA7F54A008611E9 /* Components */,
				EAFA39B82AA57202008611E9 /* CurrentUserProfile */,
				EAFA39912AA51BCF008611E9 /* EditProfile */,
				EAFA398E2AA504F8008611E9 /* Model */,
				EAFA39842AA447C3008611E9 /* UserProfile */,
			);
			path = Profile;
			sourceTree = "<group>";
		};
		EAFA39842AA447C3008611E9 /* UserProfile */ = {
			isa = PBXGroup;
			children = (
				EAFA39852AA447DC008611E9 /* ProfileView.swift */,
			);
			path = UserProfile;
			sourceTree = "<group>";
		};
		EAFA39892AA4FF71008611E9 /* Components */ = {
			isa = PBXGroup;
			children = (
				418A78442E64732B0083E133 /* CommentView.swift */,
				418A78452E64732B0083E133 /* ShareSheet.swift */,
				418A78322E6464D40083E133 /* TaskDetailView.swift */,
				418A78332E6464D40083E133 /* TaskRowView.swift */,
				EAFA398A2AA4FF9F008611E9 /* CircularProfileImageView.swift */,
				EAFA39872AA4F077008611E9 /* KollaborateCell.swift */,
				EAFA398C2AA5003B008611E9 /* UserCell.swift */,
				41C120092E478584003C0374 /* DocumentPicker.swift */,
			);
			path = Components;
			sourceTree = "<group>";
		};
		EAFA398E2AA504F8008611E9 /* Model */ = {
			isa = PBXGroup;
			children = (
				EAFA398F2AA5051C008611E9 /* ProfileKollaborateFilter.swift */,
			);
			path = Model;
			sourceTree = "<group>";
		};
		EAFA39912AA51BCF008611E9 /* EditProfile */ = {
			isa = PBXGroup;
			children = (
				EAFA39922AA51BEA008611E9 /* View */,
				EAFA39C22AA802E5008611E9 /* ViewModel */,
			);
			path = EditProfile;
			sourceTree = "<group>";
		};
		EAFA39922AA51BEA008611E9 /* View */ = {
			isa = PBXGroup;
			children = (
				EAFA39932AA51C01008611E9 /* EditProfileView.swift */,
			);
			path = View;
			sourceTree = "<group>";
		};
		EAFA39A02AA538FB008611E9 /* ViewModel */ = {
			isa = PBXGroup;
			children = (
				EAFA39AA2AA54D7D008611E9 /* LoginViewModel.swift */,
				EAFA39A22AA53946008611E9 /* RegistrationViewModel.swift */,
			);
			path = ViewModel;
			sourceTree = "<group>";
		};
		EAFA39A12AA5390D008611E9 /* Service */ = {
			isa = PBXGroup;
			children = (
				EAFA39A42AA53B1D008611E9 /* AuthService.swift */,
			);
			path = Service;
			sourceTree = "<group>";
		};
		EAFA39A62AA54909008611E9 /* View */ = {
			isa = PBXGroup;
			children = (
				EAFA39522AA4184C008611E9 /* ContentView.swift */,
			);
			path = View;
			sourceTree = "<group>";
		};
		EAFA39A72AA54918008611E9 /* ViewModel */ = {
			isa = PBXGroup;
			children = (
				EAFA39A82AA5493E008611E9 /* ContentViewModel.swift */,
			);
			path = ViewModel;
			sourceTree = "<group>";
		};
		EAFA39B32AA5642E008611E9 /* ViewModel */ = {
			isa = PBXGroup;
			children = (
				EAFA39B42AA56485008611E9 /* ExploreViewModel.swift */,
			);
			path = ViewModel;
			sourceTree = "<group>";
		};
		EAFA39B82AA57202008611E9 /* CurrentUserProfile */ = {
			isa = PBXGroup;
			children = (
				EAFA39B92AA7F184008611E9 /* View */,
				EAFA39BC2AA7F202008611E9 /* ViewModel */,
			);
			path = CurrentUserProfile;
			sourceTree = "<group>";
		};
		EAFA39B92AA7F184008611E9 /* View */ = {
			isa = PBXGroup;
			children = (
				EAFA39BA2AA7F1A1008611E9 /* CurrentUserProfileView.swift */,
			);
			path = View;
			sourceTree = "<group>";
		};
		EAFA39BC2AA7F202008611E9 /* ViewModel */ = {
			isa = PBXGroup;
			children = (
				EAFA39B12AA55C99008611E9 /* CurrentUserProfileViewModel.swift */,
			);
			path = ViewModel;
			sourceTree = "<group>";
		};
		EAFA39BD2AA7F54A008611E9 /* Components */ = {
			isa = PBXGroup;
			children = (
				EAFA39D42AA827F4008611E9 /* View */,
				EAFA39D62AA82810008611E9 /* ViewModel */,
			);
			path = Components;
			sourceTree = "<group>";
		};
		EAFA39C22AA802E5008611E9 /* ViewModel */ = {
			isa = PBXGroup;
			children = (
				EAFA39C32AA802FF008611E9 /* EditProfileViewModel.swift */,
			);
			path = ViewModel;
			sourceTree = "<group>";
		};
		EAFA39CC2AA81685008611E9 /* ViewModel */ = {
			isa = PBXGroup;
			children = (
				EAFA39CD2AA816A6008611E9 /* CreateThreadViewModel.swift */,
			);
			path = ViewModel;
			sourceTree = "<group>";
		};
		EAFA39D12AA81D01008611E9 /* ViewModel */ = {
			isa = PBXGroup;
			children = (
				418A78302E6464BF0083E133 /* TaskManagementViewModel.swift */,
				EAFA39D22AA81D0F008611E9 /* FeedViewModel.swift */,
			);
			path = ViewModel;
			sourceTree = "<group>";
		};
		EAFA39D42AA827F4008611E9 /* View */ = {
			isa = PBXGroup;
			children = (
				EAFA39BE2AA7F561008611E9 /* ProfileHeaderView.swift */,
				EAFA39C02AA7F70F008611E9 /* UserContentListView.swift */,
			);
			path = View;
			sourceTree = "<group>";
		};
		EAFA39D62AA82810008611E9 /* ViewModel */ = {
			isa = PBXGroup;
			children = (
				EAFA39D72AA82834008611E9 /* UserContentListViewModel.swift */,
			);
			path = ViewModel;
			sourceTree = "<group>";
		};
/* End PBXGroup section */

/* Begin PBXNativeTarget section */
		EAFA394C2AA4184C008611E9 /* Kollaborate */ = {
			isa = PBXNativeTarget;
			buildConfigurationList = EAFA395B2AA4184D008611E9 /* Build configuration list for PBXNativeTarget "Kollaborate" */;
			buildPhases = (
				EAFA39492AA4184C008611E9 /* Sources */,
				EAFA394A2AA4184C008611E9 /* Frameworks */,
				EAFA394B2AA4184C008611E9 /* Resources */,
			);
			buildRules = (
			);
			dependencies = (
			);
			name = Kollaborate;
			packageProductDependencies = (
				415990752E431F1100F3FC51 /* Auth */,
				415990772E431F1100F3FC51 /* PostgREST */,
				415990792E431F1100F3FC51 /* Realtime */,
				4159907B2E431F1100F3FC51 /* Storage */,
				4159907D2E431F1100F3FC51 /* Supabase */,
				415990802E431F2E00F3FC51 /* Kingfisher */,
			);
			productName = Kollaborate;
			productReference = EAFA394D2AA4184C008611E9 /* Kollaborate.app */;
			productType = "com.apple.product-type.application";
		};
/* End PBXNativeTarget section */

/* Begin PBXProject section */
		EAFA39452AA4184C008611E9 /* Project object */ = {
			isa = PBXProject;
			attributes = {
				BuildIndependentTargetsInParallel = 1;
				LastSwiftUpdateCheck = 1430;
				LastUpgradeCheck = 1430;
				TargetAttributes = {
					EAFA394C2AA4184C008611E9 = {
						CreatedOnToolsVersion = 14.3.1;
					};
				};
			};
			buildConfigurationList = EAFA39482AA4184C008611E9 /* Build configuration list for PBXProject "Kollaborate" */;
			compatibilityVersion = "Xcode 14.0";
			developmentRegion = en;
			hasScannedForEncodings = 0;
			knownRegions = (
				en,
				Base,
			);
			mainGroup = EAFA39442AA4184C008611E9;
			packageReferences = (
				415990742E431F1100F3FC51 /* XCRemoteSwiftPackageReference "supabase-swift" */,
				4159907F2E431F2D00F3FC51 /* XCRemoteSwiftPackageReference "Kingfisher" */,
			);
			productRefGroup = EAFA394E2AA4184C008611E9 /* Products */;
			projectDirPath = "";
			projectRoot = "";
			targets = (
				EAFA394C2AA4184C008611E9 /* Kollaborate */,
			);
		};
/* End PBXProject section */

/* Begin PBXResourcesBuildPhase section */
		EAFA394B2AA4184C008611E9 /* Resources */ = {
			isa = PBXResourcesBuildPhase;
			buildActionMask = 2147483647;
			files = (
				EAFA39582AA4184D008611E9 /* Preview Assets.xcassets in Resources */,
				EAFA39552AA4184D008611E9 /* Assets.xcassets in Resources */,
			);
			runOnlyForDeploymentPostprocessing = 0;
		};
/* End PBXResourcesBuildPhase section */

/* Begin PBXSourcesBuildPhase section */
		EAFA39492AA4184C008611E9 /* Sources */ = {
			isa = PBXSourcesBuildPhase;
			buildActionMask = 2147483647;
			files = (
				418A782F2E6464B20083E133 /* TaskService.swift in Sources */,
				418A782B2E6464750083E133 /* TaskManagementView.swift in Sources */,
				EAFA39762AA44654008611E9 /* FeedView.swift in Sources */,
				418A78372E6464E10083E133 /* AddTaskView.swift in Sources */,
				EAFA39CB2AA81591008611E9 /* Kollaborate.swift in Sources */,
				EAFA39A32AA53946008611E9 /* RegistrationViewModel.swift in Sources */,
				EAFA39692AA419DF008611E9 /* LoginView.swift in Sources */,
				EAFA39A52AA53B1D008611E9 /* AuthService.swift in Sources */,
				418A783B2E6472F90083E133 /* Comment.swift in Sources */,
				418A783C2E6472F90083E133 /* DirectMessage.swift in Sources */,
				418A783D2E6472F90083E133 /* Repost.swift in Sources */,
				EAFA39B72AA56E84008611E9 /* PreviewProvider.swift in Sources */,
				EAFA39C42AA802FF008611E9 /* EditProfileViewModel.swift in Sources */,
				418A78412E6473180083E133 /* DirectMessageService.swift in Sources */,
				418A78422E6473180083E133 /* RepostService.swift in Sources */,
				418A78432E6473180083E133 /* CommentService.swift in Sources */,
				EAFA39942AA51C01008611E9 /* EditProfileView.swift in Sources */,
				EAFA39532AA4184C008611E9 /* ContentView.swift in Sources */,
				41C11FFD2E478404003C0374 /* ChannelService.swift in Sources */,
				41C1200A2E478584003C0374 /* DocumentPicker.swift in Sources */,
				EAFA39AF2AA55A0D008611E9 /* UserService.swift in Sources */,
				EAFA39882AA4F077008611E9 /* KollaborateCell.swift in Sources */,
				EAFA39C12AA7F70F008611E9 /* UserContentListView.swift in Sources */,
				EAFA39822AA447AD008611E9 /* ActivityView.swift in Sources */,
				EAFA39AB2AA54D7D008611E9 /* LoginViewModel.swift in Sources */,
				EAFA39D82AA82834008611E9 /* UserContentListViewModel.swift in Sources */,
				EAFA39CE2AA816A6008611E9 /* CreateThreadViewModel.swift in Sources */,
				EAFAB8A02AA816A6008611E9 /* KollaborateService.swift in Sources */,
				41C11FFB2E4783B9003C0374 /* Channel.swift in Sources */,
				EAFA398B2AA4FF9F008611E9 /* CircularProfileImageView.swift in Sources */,
				EAFA398D2AA5003B008611E9 /* UserCell.swift in Sources */,
				EAFA39B52AA56485008611E9 /* ExploreViewModel.swift in Sources */,
				EAFA39D32AA81D0F008611E9 /* FeedViewModel.swift in Sources */,
				EAFA397E2AA44754008611E9 /* CreateThreadView.swift in Sources */,
				EAFA39C62AA8051D008611E9 /* ImageUploader.swift in Sources */,
				418A78312E6464BF0083E133 /* TaskManagementViewModel.swift in Sources */,
				EAFA39902AA5051C008611E9 /* ProfileKollaborateFilter.swift in Sources */,
				EAFA39A92AA5493E008611E9 /* ContentViewModel.swift in Sources */,
				EAFA39B22AA55C99008611E9 /* CurrentUserProfileViewModel.swift in Sources */,
				EAFA39712AA443D0008611E9 /* KollaborateTabView.swift in Sources */,
				EAFA39BB2AA7F1A1008611E9 /* CurrentUserProfileView.swift in Sources */,
				EAFA396E2AA42FE4008611E9 /* KollaborateTextFieldModifier.swift in Sources */,
				EAFA39512AA4184C008611E9 /* KollaborateApp.swift in Sources */,
				EAFA39BF2AA7F561008611E9 /* ProfileHeaderView.swift in Sources */,
				EAFA397A2AA446D4008611E9 /* ExploreView.swift in Sources */,
				418A78342E6464D40083E133 /* TaskRowView.swift in Sources */,
				418A78352E6464D40083E133 /* TaskDetailView.swift in Sources */,
				418A78462E64732B0083E133 /* CommentView.swift in Sources */,
				418A78472E64732B0083E133 /* ShareSheet.swift in Sources */,
				EAFA39862AA447DC008611E9 /* ProfileView.swift in Sources */,
				EAFA396B2AA42E27008611E9 /* RegistrationView.swift in Sources */,
				EAFA39AD2AA55749008611E9 /* User.swift in Sources */,
				EAFA39DC2AA82A8B008611E9 /* Supabase.swift in Sources */,
				418A782D2E64649C0083E133 /* Task.swift in Sources */,
				41C11FF92E47824D003C0374 /* DocumentUploader.swift in Sources */,
				EAFA39DE2AA82A8B008611F0 /* Date.swift in Sources */,
			);
			runOnlyForDeploymentPostprocessing = 0;
		};
/* End PBXSourcesBuildPhase section */

/* Begin XCBuildConfiguration section */
		EAFA39592AA4184D008611E9 /* Debug */ = {
			isa = XCBuildConfiguration;
			buildSettings = {
				ALWAYS_SEARCH_USER_PATHS = NO;
				CLANG_ANALYZER_NONNULL = YES;
				CLANG_ANALYZER_NUMBER_OBJECT_CONVERSION = YES_AGGRESSIVE;
				CLANG_CXX_LANGUAGE_STANDARD = "gnu++20";
				CLANG_ENABLE_MODULES = YES;
				CLANG_ENABLE_OBJC_ARC = YES;
				CLANG_ENABLE_OBJC_WEAK = YES;
				CLANG_WARN_BLOCK_CAPTURE_AUTORELEASING = YES;
				CLANG_WARN_BOOL_CONVERSION = YES;
				CLANG_WARN_COMMA = YES;
				CLANG_WARN_CONSTANT_CONVERSION = YES;
				CLANG_WARN_DEPRECATED_OBJC_IMPLEMENTATIONS = YES;
				CLANG_WARN_DIRECT_OBJC_ISA_USAGE = YES_ERROR;
				CLANG_WARN_DOCUMENTATION_COMMENTS = YES;
				CLANG_WARN_EMPTY_BODY = YES;
				CLANG_WARN_ENUM_CONVERSION = YES;
				CLANG_WARN_INFINITE_RECURSION = YES;
				CLANG_WARN_INT_CONVERSION = YES;
				CLANG_WARN_NON_LITERAL_NULL_CONVERSION = YES;
				CLANG_WARN_OBJC_IMPLICIT_RETAIN_SELF = YES;
				CLANG_WARN_OBJC_LITERAL_CONVERSION = YES;
				CLANG_WARN_OBJC_ROOT_CLASS = YES_ERROR;
				CLANG_WARN_QUOTED_INCLUDE_IN_FRAMEWORK_HEADER = YES;
				CLANG_WARN_RANGE_LOOP_ANALYSIS = YES;
				CLANG_WARN_STRICT_PROTOTYPES = YES;
				CLANG_WARN_SUSPICIOUS_MOVE = YES;
				CLANG_WARN_UNGUARDED_AVAILABILITY = YES_AGGRESSIVE;
				CLANG_WARN_UNREACHABLE_CODE = YES;
				CLANG_WARN__DUPLICATE_METHOD_MATCH = YES;
				COPY_PHASE_STRIP = NO;
				DEBUG_INFORMATION_FORMAT = dwarf;
				ENABLE_STRICT_OBJC_MSGSEND = YES;
				ENABLE_TESTABILITY = YES;
				GCC_C_LANGUAGE_STANDARD = gnu11;
				GCC_DYNAMIC_NO_PIC = NO;
				GCC_NO_COMMON_BLOCKS = YES;
				GCC_OPTIMIZATION_LEVEL = 0;
				GCC_PREPROCESSOR_DEFINITIONS = (
					"DEBUG=1",
					"$(inherited)",
				);
				GCC_WARN_64_TO_32_BIT_CONVERSION = YES;
				GCC_WARN_ABOUT_RETURN_TYPE = YES_ERROR;
				GCC_WARN_UNDECLARED_SELECTOR = YES;
				GCC_WARN_UNINITIALIZED_AUTOS = YES_AGGRESSIVE;
				GCC_WARN_UNUSED_FUNCTION = YES;
				GCC_WARN_UNUSED_VARIABLE = YES;
				IPHONEOS_DEPLOYMENT_TARGET = 16.4;
				MTL_ENABLE_DEBUG_INFO = INCLUDE_SOURCE;
				MTL_FAST_MATH = YES;
				ONLY_ACTIVE_ARCH = YES;
				SDKROOT = iphoneos;
				SWIFT_ACTIVE_COMPILATION_CONDITIONS = DEBUG;
				SWIFT_OPTIMIZATION_LEVEL = "-Onone";
			};
			name = Debug;
		};
		EAFA395A2AA4184D008611E9 /* Release */ = {
			isa = XCBuildConfiguration;
			buildSettings = {
				ALWAYS_SEARCH_USER_PATHS = NO;
				CLANG_ANALYZER_NONNULL = YES;
				CLANG_ANALYZER_NUMBER_OBJECT_CONVERSION = YES_AGGRESSIVE;
				CLANG_CXX_LANGUAGE_STANDARD = "gnu++20";
				CLANG_ENABLE_MODULES = YES;
				CLANG_ENABLE_OBJC_ARC = YES;
				CLANG_ENABLE_OBJC_WEAK = YES;
				CLANG_WARN_BLOCK_CAPTURE_AUTORELEASING = YES;
				CLANG_WARN_BOOL_CONVERSION = YES;
				CLANG_WARN_COMMA = YES;
				CLANG_WARN_CONSTANT_CONVERSION = YES;
				CLANG_WARN_DEPRECATED_OBJC_IMPLEMENTATIONS = YES;
				CLANG_WARN_DIRECT_OBJC_ISA_USAGE = YES_ERROR;
				CLANG_WARN_DOCUMENTATION_COMMENTS = YES;
				CLANG_WARN_EMPTY_BODY = YES;
				CLANG_WARN_ENUM_CONVERSION = YES;
				CLANG_WARN_INFINITE_RECURSION = YES;
				CLANG_WARN_INT_CONVERSION = YES;
				CLANG_WARN_NON_LITERAL_NULL_CONVERSION = YES;
				CLANG_WARN_OBJC_IMPLICIT_RETAIN_SELF = YES;
				CLANG_WARN_OBJC_LITERAL_CONVERSION = YES;
				CLANG_WARN_OBJC_ROOT_CLASS = YES_ERROR;
				CLANG_WARN_QUOTED_INCLUDE_IN_FRAMEWORK_HEADER = YES;
				CLANG_WARN_RANGE_LOOP_ANALYSIS = YES;
				CLANG_WARN_STRICT_PROTOTYPES = YES;
				CLANG_WARN_SUSPICIOUS_MOVE = YES;
				CLANG_WARN_UNGUARDED_AVAILABILITY = YES_AGGRESSIVE;
				CLANG_WARN_UNREACHABLE_CODE = YES;
				CLANG_WARN__DUPLICATE_METHOD_MATCH = YES;
				COPY_PHASE_STRIP = NO;
				DEBUG_INFORMATION_FORMAT = "dwarf-with-dsym";
				ENABLE_NS_ASSERTIONS = NO;
				ENABLE_STRICT_OBJC_MSGSEND = YES;
				GCC_C_LANGUAGE_STANDARD = gnu11;
				GCC_NO_COMMON_BLOCKS = YES;
				GCC_WARN_64_TO_32_BIT_CONVERSION = YES;
				GCC_WARN_ABOUT_RETURN_TYPE = YES_ERROR;
				GCC_WARN_UNDECLARED_SELECTOR = YES;
				GCC_WARN_UNINITIALIZED_AUTOS = YES_AGGRESSIVE;
				GCC_WARN_UNUSED_FUNCTION = YES;
				GCC_WARN_UNUSED_VARIABLE = YES;
				IPHONEOS_DEPLOYMENT_TARGET = 16.4;
				MTL_ENABLE_DEBUG_INFO = NO;
				MTL_FAST_MATH = YES;
				SDKROOT = iphoneos;
				SWIFT_COMPILATION_MODE = wholemodule;
				SWIFT_OPTIMIZATION_LEVEL = "-O";
				VALIDATE_PRODUCT = YES;
			};
			name = Release;
		};
		EAFA395C2AA4184D008611E9 /* Debug */ = {
			isa = XCBuildConfiguration;
			buildSettings = {
				ASSETCATALOG_COMPILER_APPICON_NAME = AppIcon;
				ASSETCATALOG_COMPILER_GLOBAL_ACCENT_COLOR_NAME = AccentColor;
				CODE_SIGN_STYLE = Automatic;
				CURRENT_PROJECT_VERSION = 1;
				DEVELOPMENT_ASSET_PATHS = "\"Preview Content\"";
				DEVELOPMENT_TEAM = X36YPFR9N5;
				ENABLE_PREVIEWS = YES;
				GENERATE_INFOPLIST_FILE = YES;
				INFOPLIST_KEY_UIApplicationSceneManifest_Generation = YES;
				INFOPLIST_KEY_UIApplicationSupportsIndirectInputEvents = YES;
				INFOPLIST_KEY_UILaunchScreen_Generation = YES;
				INFOPLIST_KEY_UISupportedInterfaceOrientations_iPad = "UIInterfaceOrientationPortrait UIInterfaceOrientationPortraitUpsideDown UIInterfaceOrientationLandscapeLeft UIInterfaceOrientationLandscapeRight";
				INFOPLIST_KEY_UISupportedInterfaceOrientations_iPhone = "UIInterfaceOrientationPortrait UIInterfaceOrientationLandscapeLeft UIInterfaceOrientationLandscapeRight";
				LD_RUNPATH_SEARCH_PATHS = (
					"$(inherited)",
					"@executable_path/Frameworks",
				);
				MARKETING_VERSION = 1.0;
				PRODUCT_BUNDLE_IDENTIFIER = com.aryanjha.Kollaborate;
				PRODUCT_NAME = "$(TARGET_NAME)";
				SWIFT_EMIT_LOC_STRINGS = YES;
				SWIFT_VERSION = 5.0;
				TARGETED_DEVICE_FAMILY = "1,2";
			};
			name = Debug;
		};
		EAFA395D2AA4184D008611E9 /* Release */ = {
			isa = XCBuildConfiguration;
			buildSettings = {
				ASSETCATALOG_COMPILER_APPICON_NAME = AppIcon;
				ASSETCATALOG_COMPILER_GLOBAL_ACCENT_COLOR_NAME = AccentColor;
				CODE_SIGN_STYLE = Automatic;
				CURRENT_PROJECT_VERSION = 1;
				DEVELOPMENT_ASSET_PATHS = "\"Preview Content\"";
				DEVELOPMENT_TEAM = X36YPFR9N5;
				ENABLE_PREVIEWS = YES;
				GENERATE_INFOPLIST_FILE = YES;
				INFOPLIST_KEY_UIApplicationSceneManifest_Generation = YES;
				INFOPLIST_KEY_UIApplicationSupportsIndirectInputEvents = YES;
				INFOPLIST_KEY_UILaunchScreen_Generation = YES;
				INFOPLIST_KEY_UISupportedInterfaceOrientations_iPad = "UIInterfaceOrientationPortrait UIInterfaceOrientationPortraitUpsideDown UIInterfaceOrientationLandscapeLeft UIInterfaceOrientationLandscapeRight";
				INFOPLIST_KEY_UISupportedInterfaceOrientations_iPhone = "UIInterfaceOrientationPortrait UIInterfaceOrientationLandscapeLeft UIInterfaceOrientationLandscapeRight";
				LD_RUNPATH_SEARCH_PATHS = (
					"$(inherited)",
					"@executable_path/Frameworks",
				);
				MARKETING_VERSION = 1.0;
				PRODUCT_BUNDLE_IDENTIFIER = com.aryanjha.Kollaborate;
				PRODUCT_NAME = "$(TARGET_NAME)";
				SWIFT_EMIT_LOC_STRINGS = YES;
				SWIFT_VERSION = 5.0;
				TARGETED_DEVICE_FAMILY = "1,2";
			};
			name = Release;
		};
/* End XCBuildConfiguration section */

/* Begin XCConfigurationList section */
		EAFA39482AA4184C008611E9 /* Build configuration list for PBXProject "Kollaborate" */ = {
			isa = XCConfigurationList;
			buildConfigurations = (
				EAFA39592AA4184D008611E9 /* Debug */,
				EAFA395A2AA4184D008611E9 /* Release */,
			);
			defaultConfigurationIsVisible = 0;
			defaultConfigurationName = Release;
		};
		EAFA395B2AA4184D008611E9 /* Build configuration list for PBXNativeTarget "Kollaborate" */ = {
			isa = XCConfigurationList;
			buildConfigurations = (
				EAFA395C2AA4184D008611E9 /* Debug */,
				EAFA395D2AA4184D008611E9 /* Release */,
			);
			defaultConfigurationIsVisible = 0;
			defaultConfigurationName = Release;
		};
/* End XCConfigurationList section */

/* Begin XCRemoteSwiftPackageReference section */
		415990742E431F1100F3FC51 /* XCRemoteSwiftPackageReference "supabase-swift" */ = {
			isa = XCRemoteSwiftPackageReference;
			repositoryURL = "https://github.com/supabase/supabase-swift.git";
			requirement = {
				kind = upToNextMajorVersion;
				minimumVersion = 2.5.1;
			};
		};
		4159907F2E431F2D00F3FC51 /* XCRemoteSwiftPackageReference "Kingfisher" */ = {
			isa = XCRemoteSwiftPackageReference;
			repositoryURL = "https://github.com/onevcat/Kingfisher.git";
			requirement = {
				kind = upToNextMajorVersion;
				minimumVersion = 8.5.0;
			};
		};
/* End XCRemoteSwiftPackageReference section */

/* Begin XCSwiftPackageProductDependency section */
		415990752E431F1100F3FC51 /* Auth */ = {
			isa = XCSwiftPackageProductDependency;
			package = 415990742E431F1100F3FC51 /* XCRemoteSwiftPackageReference "supabase-swift" */;
			productName = Auth;
		};
		415990772E431F1100F3FC51 /* PostgREST */ = {
			isa = XCSwiftPackageProductDependency;
			package = 415990742E431F1100F3FC51 /* XCRemoteSwiftPackageReference "supabase-swift" */;
			productName = PostgREST;
		};
		415990792E431F1100F3FC51 /* Realtime */ = {
			isa = XCSwiftPackageProductDependency;
			package = 415990742E431F1100F3FC51 /* XCRemoteSwiftPackageReference "supabase-swift" */;
			productName = Realtime;
		};
		4159907B2E431F1100F3FC51 /* Storage */ = {
			isa = XCSwiftPackageProductDependency;
			package = 415990742E431F1100F3FC51 /* XCRemoteSwiftPackageReference "supabase-swift" */;
			productName = Storage;
		};
		4159907D2E431F1100F3FC51 /* Supabase */ = {
			isa = XCSwiftPackageProductDependency;
			package = 415990742E431F1100F3FC51 /* XCRemoteSwiftPackageReference "supabase-swift" */;
			productName = Supabase;
		};
		415990802E431F2E00F3FC51 /* Kingfisher */ = {
			isa = XCSwiftPackageProductDependency;
			package = 4159907F2E431F2D00F3FC51 /* XCRemoteSwiftPackageReference "Kingfisher" */;
			productName = Kingfisher;
		};
/* End XCSwiftPackageProductDependency section */
	};
	rootObject = EAFA39452AA4184C008611E9 /* Project object */;
}
